
Microsoft Visual Studio Solution File, Format Version 12.00
# Visual Studio 15
VisualStudioVersion = 15.0.28307.1622
MinimumVisualStudioVersion = 10.0.40219.1
Project("{FAE04EC0-301F-11D3-BF4B-00C04F79EFBC}") = "rakesh_team assesment2", "rakesh_team assesment2\rakesh_team assesment2.csproj", "{F5AB73F1-956B-4AC7-9A8E-A9D8AF97F24D}"
EndProject
Global
	GlobalSection(SolutionConfigurationPlatforms) = preSolution
		Debug|Any CPU = Debug|Any CPU
		Release|Any CPU = Release|Any CPU
	EndGlobalSection
	GlobalSection(ProjectConfigurationPlatforms) = postSolution
		{F5AB73F1-956B-4AC7-9A8E-A9D8AF97F24D}.Debug|Any CPU.ActiveCfg = Debug|Any CPU
		{F5AB73F1-956B-4AC7-9A8E-A9D8AF97F24D}.Debug|Any CPU.Build.0 = Debug|Any CPU
		{F5AB73F1-956B-4AC7-9A8E-A9D8AF97F24D}.Release|Any CPU.ActiveCfg = Release|Any CPU
		{F5AB73F1-956B-4AC7-9A8E-A9D8AF97F24D}.Release|Any CPU.Build.0 = Release|Any CPU
	EndGlobalSection
	GlobalSection(SolutionProperties) = preSolution
		HideSolutionNode = FALSE
	EndGlobalSection
	GlobalSection(ExtensibilityGlobals) = postSolution
		SolutionGuid = {45480738-26D4-47A7-AD29-65A859E845A0}
	EndGlobalSection
EndGlobal
